
Microsoft Visual Studio Solution File, Format Version 12.00
# Visual Studio Version 16
VisualStudioVersion = 16.0.31321.278
MinimumVisualStudioVersion = 10.0.40219.1
Project("{FAE04EC0-301F-11D3-BF4B-00C04F79EFBC}") = "PostsAndComments", "PostsAndComments\PostsAndComments.csproj", "{91F00732-933D-42FF-BB70-DE8BFCC87E5A}"
EndProject
Global
	GlobalSection(SolutionConfigurationPlatforms) = preSolution
		Debug|Any CPU = Debug|Any CPU
		Release|Any CPU = Release|Any CPU
	EndGlobalSection
	GlobalSection(ProjectConfigurationPlatforms) = postSolution
		{91F00732-933D-42FF-BB70-DE8BFCC87E5A}.Debug|Any CPU.ActiveCfg = Debug|Any CPU
		{91F00732-933D-42FF-BB70-DE8BFCC87E5A}.Debug|Any CPU.Build.0 = Debug|Any CPU
		{91F00732-933D-42FF-BB70-DE8BFCC87E5A}.Release|Any CPU.ActiveCfg = Release|Any CPU
		{91F00732-933D-42FF-BB70-DE8BFCC87E5A}.Release|Any CPU.Build.0 = Release|Any CPU
	EndGlobalSection
	GlobalSection(SolutionProperties) = preSolution
		HideSolutionNode = FALSE
	EndGlobalSection
	GlobalSection(ExtensibilityGlobals) = postSolution
		SolutionGuid = {674B322E-5197-42ED-BE1C-C90777A6F52C}
	EndGlobalSection
EndGlobal
